
Microsoft Visual Studio Solution File, Format Version 12.00
# Visual Studio 15
Project("{FAE04EC0-301F-11D3-BF4B-00C04F79EFBC}") = "PetShop.Core.Entity", "PetShop.Core.Entity\PetShop.Core.Entity.csproj", "{2AC343E7-5694-477B-8BF7-0DCEA7BB1616}"
EndProject
Project("{FAE04EC0-301F-11D3-BF4B-00C04F79EFBC}") = "PetShop.Core", "PetShop.Core\PetShop.Core.csproj", "{4457AB8D-622C-4B43-9583-C71AB839F21E}"
EndProject
Project("{2150E333-8FDC-42A3-9474-1A3956D46DE8}") = "Core", "Core", "{00089B30-19E7-49BA-80B4-3D3A3DFF0975}"
EndProject
Project("{2150E333-8FDC-42A3-9474-1A3956D46DE8}") = "Infrastructure", "Infrastructure", "{7CE4835A-3A76-47D9-883E-37BF6EA9ACCC}"
EndProject
Project("{2150E333-8FDC-42A3-9474-1A3956D46DE8}") = "UI", "UI", "{A0003229-0FAC-4291-9796-C68BB465EE5F}"
EndProject
Project("{FAE04EC0-301F-11D3-BF4B-00C04F79EFBC}") = "PetShop.Infrastructure.Data", "PetShop.Infrastructure.Static.Data\PetShop.Infrastructure.Data.csproj", "{40F89ED8-530F-4335-8F58-6AC5FD18BAB8}"
EndProject
Project("{FAE04EC0-301F-11D3-BF4B-00C04F79EFBC}") = "PetShop.RestAPI", "PetShop.RestAPI\PetShop.RestAPI.csproj", "{CBB36323-0948-4B58-9F6A-E3DB22AB85CC}"
EndProject
Project("{FAE04EC0-301F-11D3-BF4B-00C04F79EFBC}") = "PetShop.Infrastructure.SQL", "PetShop.Infrastructure.Static.Data\PetShop.Infrastructure.SQL\PetShop.Infrastructure.SQL.csproj", "{55E194E5-BED3-44BD-9080-B7A4E9BA67C6}"
EndProject
Global
	GlobalSection(SolutionConfigurationPlatforms) = preSolution
		Debug|Any CPU = Debug|Any CPU
		Release|Any CPU = Release|Any CPU
	EndGlobalSection
	GlobalSection(ProjectConfigurationPlatforms) = postSolution
		{2AC343E7-5694-477B-8BF7-0DCEA7BB1616}.Debug|Any CPU.ActiveCfg = Debug|Any CPU
		{2AC343E7-5694-477B-8BF7-0DCEA7BB1616}.Debug|Any CPU.Build.0 = Debug|Any CPU
		{2AC343E7-5694-477B-8BF7-0DCEA7BB1616}.Release|Any CPU.ActiveCfg = Release|Any CPU
		{2AC343E7-5694-477B-8BF7-0DCEA7BB1616}.Release|Any CPU.Build.0 = Release|Any CPU
		{4457AB8D-622C-4B43-9583-C71AB839F21E}.Debug|Any CPU.ActiveCfg = Debug|Any CPU
		{4457AB8D-622C-4B43-9583-C71AB839F21E}.Debug|Any CPU.Build.0 = Debug|Any CPU
		{4457AB8D-622C-4B43-9583-C71AB839F21E}.Release|Any CPU.ActiveCfg = Release|Any CPU
		{4457AB8D-622C-4B43-9583-C71AB839F21E}.Release|Any CPU.Build.0 = Release|Any CPU
		{40F89ED8-530F-4335-8F58-6AC5FD18BAB8}.Debug|Any CPU.ActiveCfg = Debug|Any CPU
		{40F89ED8-530F-4335-8F58-6AC5FD18BAB8}.Debug|Any CPU.Build.0 = Debug|Any CPU
		{40F89ED8-530F-4335-8F58-6AC5FD18BAB8}.Release|Any CPU.ActiveCfg = Release|Any CPU
		{40F89ED8-530F-4335-8F58-6AC5FD18BAB8}.Release|Any CPU.Build.0 = Release|Any CPU
		{CBB36323-0948-4B58-9F6A-E3DB22AB85CC}.Debug|Any CPU.ActiveCfg = Debug|Any CPU
		{CBB36323-0948-4B58-9F6A-E3DB22AB85CC}.Debug|Any CPU.Build.0 = Debug|Any CPU
		{CBB36323-0948-4B58-9F6A-E3DB22AB85CC}.Release|Any CPU.ActiveCfg = Release|Any CPU
		{CBB36323-0948-4B58-9F6A-E3DB22AB85CC}.Release|Any CPU.Build.0 = Release|Any CPU
		{55E194E5-BED3-44BD-9080-B7A4E9BA67C6}.Debug|Any CPU.ActiveCfg = Debug|Any CPU
		{55E194E5-BED3-44BD-9080-B7A4E9BA67C6}.Debug|Any CPU.Build.0 = Debug|Any CPU
		{55E194E5-BED3-44BD-9080-B7A4E9BA67C6}.Release|Any CPU.ActiveCfg = Release|Any CPU
		{55E194E5-BED3-44BD-9080-B7A4E9BA67C6}.Release|Any CPU.Build.0 = Release|Any CPU
	EndGlobalSection
	GlobalSection(NestedProjects) = preSolution
		{2AC343E7-5694-477B-8BF7-0DCEA7BB1616} = {00089B30-19E7-49BA-80B4-3D3A3DFF0975}
		{4457AB8D-622C-4B43-9583-C71AB839F21E} = {00089B30-19E7-49BA-80B4-3D3A3DFF0975}
		{40F89ED8-530F-4335-8F58-6AC5FD18BAB8} = {7CE4835A-3A76-47D9-883E-37BF6EA9ACCC}
		{CBB36323-0948-4B58-9F6A-E3DB22AB85CC} = {A0003229-0FAC-4291-9796-C68BB465EE5F}
		{55E194E5-BED3-44BD-9080-B7A4E9BA67C6} = {7CE4835A-3A76-47D9-883E-37BF6EA9ACCC}
	EndGlobalSection
EndGlobal
